# THIS IS AN AUTOGENERATED FILE. DO NOT EDIT THIS FILE DIRECTLY.
# yarn lockfile v1


"@prettier/plugin-ruby@^0.20.1":
  version "0.20.1"
  resolved "https://registry.yarnpkg.com/@prettier/plugin-ruby/-/plugin-ruby-0.20.1.tgz#5fc27541436914c34d9406e5d98908f0ba5ac290"
  integrity sha512-SGIRV+T6dzWZN2xheT169Tjwb22K3rTrzUUqhJ436gUDz2hfI3OxxKNpfU/0j++HhhGECSwFlFjGBn5tB52+XQ==
  dependencies:
    prettier ">=1.10"

"@rails/actioncable@^6.0.0":
  version "6.0.3"
  resolved "https://registry.yarnpkg.com/@rails/actioncable/-/actioncable-6.0.3.tgz#722b4b639936129307ddbab3a390f6bcacf3e7bc"
  integrity sha512-I01hgqxxnOgOtJTGlq0ZsGJYiTEEiSGVEGQn3vimZSqEP1HqzyFNbzGTq14Xdyeow2yGJjygjoFF1pmtE+SQaw==

"@rails/activestorage@^6.0.0":
  version "6.0.3"
  resolved "https://registry.yarnpkg.com/@rails/activestorage/-/activestorage-6.0.3.tgz#401d2a28ecb7167cdb5e830ffddaa17c308c31aa"
  integrity sha512-YdNwyfryHlcKj7Ruix89wZ2aiN3KTYULdW1Y/hNlHJlrY2/PXjT2YBTzZiVd+dcjrwHBsXV2rExdy+Z/lsrlEg==
  dependencies:
    spark-md5 "^3.0.0"

"@rails/ujs@^6.0.0":
  version "6.0.3"
  resolved "https://registry.yarnpkg.com/@rails/ujs/-/ujs-6.0.3.tgz#e68a03278e30daea6a110aac5dfa33c60c53055d"
  integrity sha512-CM9OEvoN9eXkaX7PXEnbsQLULJ97b9rVmwliZbz/iBOERLJ68Rk3ClJe+fQEMKU4CBZfky2lIRnfslOdUs9SLQ==

prettier@>=1.10, prettier@^2.1.2:
  version "2.1.2"
  resolved "https://registry.yarnpkg.com/prettier/-/prettier-2.1.2.tgz#3050700dae2e4c8b67c4c3f666cdb8af405e1ce5"
  integrity sha512-16c7K+x4qVlJg9rEbXl7HEGmQyZlG4R9AgP+oHKRMsMsuk8s+ATStlf1NpDqyBI1HpVyfjLOeMhH2LvuNvV5Vg==

spark-md5@^3.0.0:
  version "3.0.1"
  resolved "https://registry.yarnpkg.com/spark-md5/-/spark-md5-3.0.1.tgz#83a0e255734f2ab4e5c466e5a2cfc9ba2aa2124d"
  integrity sha512-0tF3AGSD1ppQeuffsLDIOWlKUd3lS92tFxcsrh5Pe3ZphhnoK+oXIBTzOAThZCiuINZLvpiLH/1VS1/ANEJVig==

turbolinks@^5.2.0:
  version "5.2.0"
  resolved "https://registry.yarnpkg.com/turbolinks/-/turbolinks-5.2.0.tgz#e6877a55ea5c1cb3bb225f0a4ae303d6d32ff77c"
  integrity sha512-pMiez3tyBo6uRHFNNZoYMmrES/IaGgMhQQM+VFF36keryjb5ms0XkVpmKHkfW/4Vy96qiGW3K9bz0tF5sK9bBw==
